
Microsoft Visual Studio Solution File, Format Version 12.00
# Visual Studio Version 17
VisualStudioVersion = 17.6.33829.357
MinimumVisualStudioVersion = 10.0.40219.1
Project("{FAE04EC0-301F-11D3-BF4B-00C04F79EFBC}") = "Task5", "Task5.csproj", "{8D9CA242-C25D-4789-85F5-648670C1BEBB}"
EndProject
Global
	GlobalSection(SolutionConfigurationPlatforms) = preSolution
		Debug|Any CPU = Debug|Any CPU
		Release|Any CPU = Release|Any CPU
	EndGlobalSection
	GlobalSection(ProjectConfigurationPlatforms) = postSolution
		{8D9CA242-C25D-4789-85F5-648670C1BEBB}.Debug|Any CPU.ActiveCfg = Debug|Any CPU
		{8D9CA242-C25D-4789-85F5-648670C1BEBB}.Debug|Any CPU.Build.0 = Debug|Any CPU
		{8D9CA242-C25D-4789-85F5-648670C1BEBB}.Release|Any CPU.ActiveCfg = Release|Any CPU
		{8D9CA242-C25D-4789-85F5-648670C1BEBB}.Release|Any CPU.Build.0 = Release|Any CPU
	EndGlobalSection
	GlobalSection(SolutionProperties) = preSolution
		HideSolutionNode = FALSE
	EndGlobalSection
	GlobalSection(ExtensibilityGlobals) = postSolution
		SolutionGuid = {792D8B9F-365E-40A6-8D68-FAA4DE020E7F}
	EndGlobalSection
EndGlobal
